
Microsoft Visual Studio Solution File, Format Version 12.00
# Visual Studio Version 16
VisualStudioVersion = 16.0.32929.386
MinimumVisualStudioVersion = 10.0.40219.1
Project("{2150E333-8FDC-42A3-9474-1A3956D46DE8}") = "3.Host", "3.Host", "{7A4CF28F-9BC5-4545-A2AC-6FABE813DA7B}"
EndProject
Project("{FAE04EC0-301F-11D3-BF4B-00C04F79EFBC}") = "WebBanHang.Api", "WebBanHang.Api\WebBanHang.Api.csproj", "{FE30FFBC-8E96-4B0F-B1F9-6C704BC4E569}"
EndProject
Project("{2150E333-8FDC-42A3-9474-1A3956D46DE8}") = "1.Infrastructure", "1.Infrastructure", "{EE087C66-C85D-4C10-8D64-7E19952496FB}"
EndProject
Project("{FAE04EC0-301F-11D3-BF4B-00C04F79EFBC}") = "WebBanHang.Utilities", "WebBanHang.Utilities\WebBanHang.Utilities.csproj", "{0BD70737-1FAC-4C5B-8C04-F3EC23084220}"
EndProject
Project("{FAE04EC0-301F-11D3-BF4B-00C04F79EFBC}") = "WebBanHang.ViewModels", "WebBanHang.ViewModels\WebBanHang.ViewModels.csproj", "{C5FB09EA-368B-4532-AB53-F4DBD0B41C7E}"
EndProject
Project("{2150E333-8FDC-42A3-9474-1A3956D46DE8}") = "2.Domain", "2.Domain", "{9B6A0469-5C37-4301-A39B-1F1E0D35CF2A}"
EndProject
Project("{FAE04EC0-301F-11D3-BF4B-00C04F79EFBC}") = "WebBanHang.Application", "WebBanHang.Application\WebBanHang.Application.csproj", "{6F0C54C1-26FB-42C1-BF3C-66156E201B99}"
EndProject
Project("{FAE04EC0-301F-11D3-BF4B-00C04F79EFBC}") = "WebBanHang.Data", "WebBanHang.Data\WebBanHang.Data.csproj", "{86491309-5837-4D66-BB41-C11EADEDA5C6}"
EndProject
Project("{2150E333-8FDC-42A3-9474-1A3956D46DE8}") = "Solution Items", "Solution Items", "{80329901-E710-4256-9F1D-4B458D38752D}"
	ProjectSection(SolutionItems) = preProject
		README.md = README.md
	EndProjectSection
EndProject
Global
	GlobalSection(SolutionConfigurationPlatforms) = preSolution
		Debug|Any CPU = Debug|Any CPU
		Release|Any CPU = Release|Any CPU
	EndGlobalSection
	GlobalSection(ProjectConfigurationPlatforms) = postSolution
		{FE30FFBC-8E96-4B0F-B1F9-6C704BC4E569}.Debug|Any CPU.ActiveCfg = Debug|Any CPU
		{FE30FFBC-8E96-4B0F-B1F9-6C704BC4E569}.Debug|Any CPU.Build.0 = Debug|Any CPU
		{FE30FFBC-8E96-4B0F-B1F9-6C704BC4E569}.Release|Any CPU.ActiveCfg = Release|Any CPU
		{FE30FFBC-8E96-4B0F-B1F9-6C704BC4E569}.Release|Any CPU.Build.0 = Release|Any CPU
		{0BD70737-1FAC-4C5B-8C04-F3EC23084220}.Debug|Any CPU.ActiveCfg = Debug|Any CPU
		{0BD70737-1FAC-4C5B-8C04-F3EC23084220}.Debug|Any CPU.Build.0 = Debug|Any CPU
		{0BD70737-1FAC-4C5B-8C04-F3EC23084220}.Release|Any CPU.ActiveCfg = Release|Any CPU
		{0BD70737-1FAC-4C5B-8C04-F3EC23084220}.Release|Any CPU.Build.0 = Release|Any CPU
		{C5FB09EA-368B-4532-AB53-F4DBD0B41C7E}.Debug|Any CPU.ActiveCfg = Debug|Any CPU
		{C5FB09EA-368B-4532-AB53-F4DBD0B41C7E}.Debug|Any CPU.Build.0 = Debug|Any CPU
		{C5FB09EA-368B-4532-AB53-F4DBD0B41C7E}.Release|Any CPU.ActiveCfg = Release|Any CPU
		{C5FB09EA-368B-4532-AB53-F4DBD0B41C7E}.Release|Any CPU.Build.0 = Release|Any CPU
		{6F0C54C1-26FB-42C1-BF3C-66156E201B99}.Debug|Any CPU.ActiveCfg = Debug|Any CPU
		{6F0C54C1-26FB-42C1-BF3C-66156E201B99}.Debug|Any CPU.Build.0 = Debug|Any CPU
		{6F0C54C1-26FB-42C1-BF3C-66156E201B99}.Release|Any CPU.ActiveCfg = Release|Any CPU
		{6F0C54C1-26FB-42C1-BF3C-66156E201B99}.Release|Any CPU.Build.0 = Release|Any CPU
		{86491309-5837-4D66-BB41-C11EADEDA5C6}.Debug|Any CPU.ActiveCfg = Debug|Any CPU
		{86491309-5837-4D66-BB41-C11EADEDA5C6}.Debug|Any CPU.Build.0 = Debug|Any CPU
		{86491309-5837-4D66-BB41-C11EADEDA5C6}.Release|Any CPU.ActiveCfg = Release|Any CPU
		{86491309-5837-4D66-BB41-C11EADEDA5C6}.Release|Any CPU.Build.0 = Release|Any CPU
	EndGlobalSection
	GlobalSection(SolutionProperties) = preSolution
		HideSolutionNode = FALSE
	EndGlobalSection
	GlobalSection(NestedProjects) = preSolution
		{FE30FFBC-8E96-4B0F-B1F9-6C704BC4E569} = {7A4CF28F-9BC5-4545-A2AC-6FABE813DA7B}
		{0BD70737-1FAC-4C5B-8C04-F3EC23084220} = {EE087C66-C85D-4C10-8D64-7E19952496FB}
		{C5FB09EA-368B-4532-AB53-F4DBD0B41C7E} = {EE087C66-C85D-4C10-8D64-7E19952496FB}
		{6F0C54C1-26FB-42C1-BF3C-66156E201B99} = {9B6A0469-5C37-4301-A39B-1F1E0D35CF2A}
		{86491309-5837-4D66-BB41-C11EADEDA5C6} = {9B6A0469-5C37-4301-A39B-1F1E0D35CF2A}
	EndGlobalSection
	GlobalSection(ExtensibilityGlobals) = postSolution
		SolutionGuid = {BAE76B7D-204D-455E-B16E-E587F6AECF48}
	EndGlobalSection
EndGlobal
